// !$*UTF8*$!
{
	archiveVersion = 1;
	classes = {
	};
	objectVersion = 46;
	objects = {

/* Begin PBXBuildFile section */
		B08EDADE1DB90FFB00382CD3 /* AppDelegate.swift in Sources */ = {isa = PBXBuildFile; fileRef = B08EDADD1DB90FFB00382CD3 /* AppDelegate.swift */; };
		B08EDAE01DB90FFB00382CD3 /* ViewController.swift in Sources */ = {isa = PBXBuildFile; fileRef = B08EDADF1DB90FFB00382CD3 /* ViewController.swift */; };
		B08EDAE31DB90FFB00382CD3 /* Main.storyboard in Resources */ = {isa = PBXBuildFile; fileRef = B08EDAE11DB90FFB00382CD3 /* Main.storyboard */; };
		B08EDAE51DB90FFB00382CD3 /* Assets.xcassets in Resources */ = {isa = PBXBuildFile; fileRef = B08EDAE41DB90FFB00382CD3 /* Assets.xcassets */; };
		B08EDAE81DB90FFB00382CD3 /* LaunchScreen.storyboard in Resources */ = {isa = PBXBuildFile; fileRef = B08EDAE61DB90FFB00382CD3 /* LaunchScreen.storyboard */; };
		B08EDAF31DB90FFB00382CD3 /* FoodTrackerTests.swift in Sources */ = {isa = PBXBuildFile; fileRef = B08EDAF21DB90FFB00382CD3 /* FoodTrackerTests.swift */; };
/* End PBXBuildFile section */

/* Begin PBXContainerItemProxy section */
		B08EDAEF1DB90FFB00382CD3 /* PBXContainerItemProxy */ = {
			isa = PBXContainerItemProxy;
			containerPortal = B08EDAD21DB90FFB00382CD3 /* Project object */;
			proxyType = 1;
			remoteGlobalIDString = B08EDAD91DB90FFB00382CD3;
			remoteInfo = FoodTracker;
		};
/* End PBXContainerItemProxy section */

/* Begin PBXFileReference section */
		B08EDADA1DB90FFB00382CD3 /* FoodTracker.app */ = {isa = PBXFileReference; explicitFileType = wrapper.application; includeInIndex = 0; path = FoodTracker.app; sourceTree = BUILT_PRODUCTS_DIR; };
		B08EDADD1DB90FFB00382CD3 /* AppDelegate.swift */ = {isa = PBXFileReference; lastKnownFileType = sourcecode.swift; path = AppDelegate.swift; sourceTree = "<group>"; };
		B08EDADF1DB90FFB00382CD3 /* ViewController.swift */ = {isa = PBXFileReference; lastKnownFileType = sourcecode.swift; path = ViewController.swift; sourceTree = "<group>"; };
		B08EDAE21DB90FFB00382CD3 /* Base */ = {isa = PBXFileReference; lastKnownFileType = file.storyboard; name = Base; path = Base.lproj/Main.storyboard; sourceTree = "<group>"; };
		B08EDAE41DB90FFB00382CD3 /* Assets.xcassets */ = {isa = PBXFileReference; lastKnownFileType = folder.assetcatalog; path = Assets.xcassets; sourceTree = "<group>"; };
		B08EDAE71DB90FFB00382CD3 /* Base */ = {isa = PBXFileReference; lastKnownFileType = file.storyboard; name = Base; path = Base.lproj/LaunchScreen.storyboard; sourceTree = "<group>"; };
		B08EDAE91DB90FFB00382CD3 /* Info.plist */ = {isa = PBXFileReference; lastKnownFileType = text.plist.xml; path = Info.plist; sourceTree = "<group>"; };
		B08EDAEE1DB90FFB00382CD3 /* FoodTrackerTests.xctest */ = {isa = PBXFileReference; explicitFileType = wrapper.cfbundle; includeInIndex = 0; path = FoodTrackerTests.xctest; sourceTree = BUILT_PRODUCTS_DIR; };
		B08EDAF21DB90FFB00382CD3 /* FoodTrackerTests.swift */ = {isa = PBXFileReference; lastKnownFileType = sourcecode.swift; path = FoodTrackerTests.swift; sourceTree = "<group>"; };
		B08EDAF41DB90FFB00382CD3 /* Info.plist */ = {isa = PBXFileReference; lastKnownFileType = text.plist.xml; path = Info.plist; sourceTree = "<group>"; };
/* End PBXFileReference section */

/* Begin PBXFrameworksBuildPhase section */
		B08EDAD71DB90FFB00382CD3 /* Frameworks */ = {
			isa = PBXFrameworksBuildPhase;
			buildActionMask = 2147483647;
			files = (
			);
			runOnlyForDeploymentPostprocessing = 0;
		};
		B08EDAEB1DB90FFB00382CD3 /* Frameworks */ = {
			isa = PBXFrameworksBuildPhase;
			buildActionMask = 2147483647;
			files = (
			);
			runOnlyForDeploymentPostprocessing = 0;
		};
/* End PBXFrameworksBuildPhase section */

/* Begin PBXGroup section */
		B08EDAD11DB90FFB00382CD3 = {
			isa = PBXGroup;
			children = (
				B08EDADC1DB90FFB00382CD3 /* FoodTracker */,
				B08EDAF11DB90FFB00382CD3 /* FoodTrackerTests */,
				B08EDADB1DB90FFB00382CD3 /* Products */,
			);
			sourceTree = "<group>";
		};
		B08EDADB1DB90FFB00382CD3 /* Products */ = {
			isa = PBXGroup;
			children = (
				B08EDADA1DB90FFB00382CD3 /* FoodTracker.app */,
				B08EDAEE1DB90FFB00382CD3 /* FoodTrackerTests.xctest */,
			);
			name = Products;
			sourceTree = "<group>";
		};
		B08EDADC1DB90FFB00382CD3 /* FoodTracker */ = {
			isa = PBXGroup;
			children = (
				B08EDADD1DB90FFB00382CD3 /* AppDelegate.swift */,
				B08EDADF1DB90FFB00382CD3 /* ViewController.swift */,
				B08EDAE11DB90FFB00382CD3 /* Main.storyboard */,
				B08EDAE41DB90FFB00382CD3 /* Assets.xcassets */,
				B08EDAE61DB90FFB00382CD3 /* LaunchScreen.storyboard */,
				B08EDAE91DB90FFB00382CD3 /* Info.plist */,
			);
			path = FoodTracker;
			sourceTree = "<group>";
		};
		B08EDAF11DB90FFB00382CD3 /* FoodTrackerTests */ = {
			isa = PBXGroup;
			children = (
				B08EDAF21DB90FFB00382CD3 /* FoodTrackerTests.swift */,
				B08EDAF41DB90FFB00382CD3 /* Info.plist */,
			);
			path = FoodTrackerTests;
			sourceTree = "<group>";
		};
/* End PBXGroup section */

/* Begin PBXNativeTarget section */
		B08EDAD91DB90FFB00382CD3 /* FoodTracker */ = {
			isa = PBXNativeTarget;
			buildConfigurationList = B08EDAF71DB90FFB00382CD3 /* Build configuration list for PBXNativeTarget "FoodTracker" */;
			buildPhases = (
				B08EDAD61DB90FFB00382CD3 /* Sources */,
				B08EDAD71DB90FFB00382CD3 /* Frameworks */,
				B08EDAD81DB90FFB00382CD3 /* Resources */,
			);
			buildRules = (
			);
			dependencies = (
			);
			name = FoodTracker;
			productName = FoodTracker;
			productReference = B08EDADA1DB90FFB00382CD3 /* FoodTracker.app */;
			productType = "com.apple.product-type.application";
		};
		B08EDAED1DB90FFB00382CD3 /* FoodTrackerTests */ = {
			isa = PBXNativeTarget;
			buildConfigurationList = B08EDAFA1DB90FFB00382CD3 /* Build configuration list for PBXNativeTarget "FoodTrackerTests" */;
			buildPhases = (
				B08EDAEA1DB90FFB00382CD3 /* Sources */,
				B08EDAEB1DB90FFB00382CD3 /* Frameworks */,
				B08EDAEC1DB90FFB00382CD3 /* Resources */,
			);
			buildRules = (
			);
			dependencies = (
				B08EDAF01DB90FFB00382CD3 /* PBXTargetDependency */,
			);
			name = FoodTrackerTests;
			productName = FoodTrackerTests;
			productReference = B08EDAEE1DB90FFB00382CD3 /* FoodTrackerTests.xctest */;
			productType = "com.apple.product-type.bundle.unit-test";
		};
/* End PBXNativeTarget section */

/* Begin PBXProject section */
		B08EDAD21DB90FFB00382CD3 /* Project object */ = {
			isa = PBXProject;
			attributes = {
				LastSwiftUpdateCheck = 0800;
				LastUpgradeCheck = 0800;
				ORGANIZATIONNAME = lc1915;
				TargetAttributes = {
					B08EDAD91DB90FFB00382CD3 = {
						CreatedOnToolsVersion = 8.0;
						ProvisioningStyle = Automatic;
					};
					B08EDAED1DB90FFB00382CD3 = {
						CreatedOnToolsVersion = 8.0;
						ProvisioningStyle = Automatic;
						TestTargetID = B08EDAD91DB90FFB00382CD3;
					};
				};
			};
			buildConfigurationList = B08EDAD51DB90FFB00382CD3 /* Build configuration list for PBXProject "FoodTracker" */;
			compatibilityVersion = "Xcode 3.2";
			developmentRegion = English;
			hasScannedForEncodings = 0;
			knownRegions = (
				en,
				Base,
			);
			mainGroup = B08EDAD11DB90FFB00382CD3;
			productRefGroup = B08EDADB1DB90FFB00382CD3 /* Products */;
			projectDirPath = "";
			projectRoot = "";
			targets = (
				B08EDAD91DB90FFB00382CD3 /* FoodTracker */,
				B08EDAED1DB90FFB00382CD3 /* FoodTrackerTests */,
			);
		};
/* End PBXProject section */

/* Begin PBXResourcesBuildPhase section */
		B08EDAD81DB90FFB00382CD3 /* Resources */ = {
			isa = PBXResourcesBuildPhase;
			buildActionMask = 2147483647;
			files = (
				B08EDAE81DB90FFB00382CD3 /* LaunchScreen.storyboard in Resources */,
				B08EDAE51DB90FFB00382CD3 /* Assets.xcassets in Resources */,
				B08EDAE31DB90FFB00382CD3 /* Main.storyboard in Resources */,
			);
			runOnlyForDeploymentPostprocessing = 0;
		};
		B08EDAEC1DB90FFB00382CD3 /* Resources */ = {
			isa = PBXResourcesBuildPhase;
			buildActionMask = 2147483647;
			files = (
			);
			runOnlyForDeploymentPostprocessing = 0;
		};
/* End PBXResourcesBuildPhase section */

/* Begin PBXSourcesBuildPhase section */
		B08EDAD61DB90FFB00382CD3 /* Sources */ = {
			isa = PBXSourcesBuildPhase;
			buildActionMask = 2147483647;
			files = (
				B08EDAE01DB90FFB00382CD3 /* ViewController.swift in Sources */,
				B08EDADE1DB90FFB00382CD3 /* AppDelegate.swift in Sources */,
			);
			runOnlyForDeploymentPostprocessing = 0;
		};
		B08EDAEA1DB90FFB00382CD3 /* Sources */ = {
			isa = PBXSourcesBuildPhase;
			buildActionMask = 2147483647;
			files = (
				B08EDAF31DB90FFB00382CD3 /* FoodTrackerTests.swift in Sources */,
			);
			runOnlyForDeploymentPostprocessing = 0;
		};
/* End PBXSourcesBuildPhase section */

/* Begin PBXTargetDependency section */
		B08EDAF01DB90FFB00382CD3 /* PBXTargetDependency */ = {
			isa = PBXTargetDependency;
			target = B08EDAD91DB90FFB00382CD3 /* FoodTracker */;
			targetProxy = B08EDAEF1DB90FFB00382CD3 /* PBXContainerItemProxy */;
		};
/* End PBXTargetDependency section */

/* Begin PBXVariantGroup section */
		B08EDAE11DB90FFB00382CD3 /* Main.storyboard */ = {
			isa = PBXVariantGroup;
			children = (
				B08EDAE21DB90FFB00382CD3 /* Base */,
			);
			name = Main.storyboard;
			sourceTree = "<group>";
		};
		B08EDAE61DB90FFB00382CD3 /* LaunchScreen.storyboard */ = {
			isa = PBXVariantGroup;
			children = (
				B08EDAE71DB90FFB00382CD3 /* Base */,
			);
			name = LaunchScreen.storyboard;
			sourceTree = "<group>";
		};
/* End PBXVariantGroup section */

/* Begin XCBuildConfiguration section */
		B08EDAF51DB90FFB00382CD3 /* Debug */ = {
			isa = XCBuildConfiguration;
			buildSettings = {
				ALWAYS_SEARCH_USER_PATHS = NO;
				CLANG_ANALYZER_NONNULL = YES;
				CLANG_CXX_LANGUAGE_STANDARD = "gnu++0x";
				CLANG_CXX_LIBRARY = "libc++";
				CLANG_ENABLE_MODULES = YES;
				CLANG_ENABLE_OBJC_ARC = YES;
				CLANG_WARN_BOOL_CONVERSION = YES;
				CLANG_WARN_CONSTANT_CONVERSION = YES;
				CLANG_WARN_DIRECT_OBJC_ISA_USAGE = YES_ERROR;
				CLANG_WARN_DOCUMENTATION_COMMENTS = YES;
				CLANG_WARN_EMPTY_BODY = YES;
				CLANG_WARN_ENUM_CONVERSION = YES;
				CLANG_WARN_INFINITE_RECURSION = YES;
				CLANG_WARN_INT_CONVERSION = YES;
				CLANG_WARN_OBJC_ROOT_CLASS = YES_ERROR;
				CLANG_WARN_SUSPICIOUS_MOVES = YES;
				CLANG_WARN_UNREACHABLE_CODE = YES;
				CLANG_WARN__DUPLICATE_METHOD_MATCH = YES;
				"CODE_SIGN_IDENTITY[sdk=iphoneos*]" = "iPhone Developer";
				COPY_PHASE_STRIP = NO;
				DEBUG_INFORMATION_FORMAT = dwarf;
				ENABLE_STRICT_OBJC_MSGSEND = YES;
				ENABLE_TESTABILITY = YES;
				GCC_C_LANGUAGE_STANDARD = gnu99;
				GCC_DYNAMIC_NO_PIC = NO;
				GCC_NO_COMMON_BLOCKS = YES;
				GCC_OPTIMIZATION_LEVEL = 0;
				GCC_PREPROCESSOR_DEFINITIONS = (
					"DEBUG=1",
					"$(inherited)",
				);
				GCC_WARN_64_TO_32_BIT_CONVERSION = YES;
				GCC_WARN_ABOUT_RETURN_TYPE = YES_ERROR;
				GCC_WARN_UNDECLARED_SELECTOR = YES;
				GCC_WARN_UNINITIALIZED_AUTOS = YES_AGGRESSIVE;
				GCC_WARN_UNUSED_FUNCTION = YES;
				GCC_WARN_UNUSED_VARIABLE = YES;
				IPHONEOS_DEPLOYMENT_TARGET = 10.0;
				MTL_ENABLE_DEBUG_INFO = YES;
				ONLY_ACTIVE_ARCH = YES;
				SDKROOT = iphoneos;
				SWIFT_ACTIVE_COMPILATION_CONDITIONS = DEBUG;
				SWIFT_OPTIMIZATION_LEVEL = "-Onone";
				TARGETED_DEVICE_FAMILY = "1,2";
			};
			name = Debug;
		};
		B08EDAF61DB90FFB00382CD3 /* Release */ = {
			isa = XCBuildConfiguration;
			buildSettings = {
				ALWAYS_SEARCH_USER_PATHS = NO;
				CLANG_ANALYZER_NONNULL = YES;
				CLANG_CXX_LANGUAGE_STANDARD = "gnu++0x";
				CLANG_CXX_LIBRARY = "libc++";
				CLANG_ENABLE_MODULES = YES;
				CLANG_ENABLE_OBJC_ARC = YES;
				CLANG_WARN_BOOL_CONVERSION = YES;
				CLANG_WARN_CONSTANT_CONVERSION = YES;
				CLANG_WARN_DIRECT_OBJC_ISA_USAGE = YES_ERROR;
				CLANG_WARN_DOCUMENTATION_COMMENTS = YES;
				CLANG_WARN_EMPTY_BODY = YES;
				CLANG_WARN_ENUM_CONVERSION = YES;
				CLANG_WARN_INFINITE_RECURSION = YES;
				CLANG_WARN_INT_CONVERSION = YES;
				CLANG_WARN_OBJC_ROOT_CLASS = YES_ERROR;
				CLANG_WARN_SUSPICIOUS_MOVES = YES;
				CLANG_WARN_UNREACHABLE_CODE = YES;
				CLANG_WARN__DUPLICATE_METHOD_MATCH = YES;
				"CODE_SIGN_IDENTITY[sdk=iphoneos*]" = "iPhone Developer";
				COPY_PHASE_STRIP = NO;
				DEBUG_INFORMATION_FORMAT = "dwarf-with-dsym";
				ENABLE_NS_ASSERTIONS = NO;
				ENABLE_STRICT_OBJC_MSGSEND = YES;
				GCC_C_LANGUAGE_STANDARD = gnu99;
				GCC_NO_COMMON_BLOCKS = YES;
				GCC_WARN_64_TO_32_BIT_CONVERSION = YES;
				GCC_WARN_ABOUT_RETURN_TYPE = YES_ERROR;
				GCC_WARN_UNDECLARED_SELECTOR = YES;
				GCC_WARN_UNINITIALIZED_AUTOS = YES_AGGRESSIVE;
				GCC_WARN_UNUSED_FUNCTION = YES;
				GCC_WARN_UNUSED_VARIABLE = YES;
				IPHONEOS_DEPLOYMENT_TARGET = 10.0;
				MTL_ENABLE_DEBUG_INFO = NO;
				SDKROOT = iphoneos;
				SWIFT_OPTIMIZATION_LEVEL = "-Owholemodule";
				TARGETED_DEVICE_FAMILY = "1,2";
				VALIDATE_PRODUCT = YES;
			};
			name = Release;
		};
		B08EDAF81DB90FFB00382CD3 /* Debug */ = {
			isa = XCBuildConfiguration;
			buildSettings = {
				ASSETCATALOG_COMPILER_APPICON_NAME = AppIcon;
				INFOPLIST_FILE = FoodTracker/Info.plist;
				LD_RUNPATH_SEARCH_PATHS = "$(inherited) @executable_path/Frameworks";
				PRODUCT_BUNDLE_IDENTIFIER = com.example..FoodTracker;
				PRODUCT_NAME = "$(TARGET_NAME)";
				SWIFT_VERSION = 3.0;
			};
			name = Debug;
		};
		B08EDAF91DB90FFB00382CD3 /* Release */ = {
			isa = XCBuildConfiguration;
			buildSettings = {
				ASSETCATALOG_COMPILER_APPICON_NAME = AppIcon;
				INFOPLIST_FILE = FoodTracker/Info.plist;
				LD_RUNPATH_SEARCH_PATHS = "$(inherited) @executable_path/Frameworks";
				PRODUCT_BUNDLE_IDENTIFIER = com.example..FoodTracker;
				PRODUCT_NAME = "$(TARGET_NAME)";
				SWIFT_VERSION = 3.0;
			};
			name = Release;
		};
		B08EDAFB1DB90FFB00382CD3 /* Debug */ = {
			isa = XCBuildConfiguration;
			buildSettings = {
				ALWAYS_EMBED_SWIFT_STANDARD_LIBRARIES = YES;
				BUNDLE_LOADER = "$(TEST_HOST)";
				INFOPLIST_FILE = FoodTrackerTests/Info.plist;
				LD_RUNPATH_SEARCH_PATHS = "$(inherited) @executable_path/Frameworks @loader_path/Frameworks";
				PRODUCT_BUNDLE_IDENTIFIER = com.example..FoodTrackerTests;
				PRODUCT_NAME = "$(TARGET_NAME)";
				SWIFT_VERSION = 3.0;
				TEST_HOST = "$(BUILT_PRODUCTS_DIR)/FoodTracker.app/FoodTracker";
			};
			name = Debug;
		};
		B08EDAFC1DB90FFB00382CD3 /* Release */ = {
			isa = XCBuildConfiguration;
			buildSettings = {
				ALWAYS_EMBED_SWIFT_STANDARD_LIBRARIES = YES;
				BUNDLE_LOADER = "$(TEST_HOST)";
				INFOPLIST_FILE = FoodTrackerTests/Info.plist;
				LD_RUNPATH_SEARCH_PATHS = "$(inherited) @executable_path/Frameworks @loader_path/Frameworks";
				PRODUCT_BUNDLE_IDENTIFIER = com.example..FoodTrackerTests;
				PRODUCT_NAME = "$(TARGET_NAME)";
				SWIFT_VERSION = 3.0;
				TEST_HOST = "$(BUILT_PRODUCTS_DIR)/FoodTracker.app/FoodTracker";
			};
			name = Release;
		};
/* End XCBuildConfiguration section */

/* Begin XCConfigurationList section */
		B08EDAD51DB90FFB00382CD3 /* Build configuration list for PBXProject "FoodTracker" */ = {
			isa = XCConfigurationList;
			buildConfigurations = (
				B08EDAF51DB90FFB00382CD3 /* Debug */,
				B08EDAF61DB90FFB00382CD3 /* Release */,
			);
			defaultConfigurationIsVisible = 0;
			defaultConfigurationName = Release;
		};
		B08EDAF71DB90FFB00382CD3 /* Build configuration list for PBXNativeTarget "FoodTracker" */ = {
			isa = XCConfigurationList;
			buildConfigurations = (
				B08EDAF81DB90FFB00382CD3 /* Debug */,
				B08EDAF91DB90FFB00382CD3 /* Release */,
			);
			defaultConfigurationIsVisible = 0;
		};
		B08EDAFA1DB90FFB00382CD3 /* Build configuration list for PBXNativeTarget "FoodTrackerTests" */ = {
			isa = XCConfigurationList;
			buildConfigurations = (
				B08EDAFB1DB90FFB00382CD3 /* Debug */,
				B08EDAFC1DB90FFB00382CD3 /* Release */,
			);
			defaultConfigurationIsVisible = 0;
		};
/* End XCConfigurationList section */
	};
	rootObject = B08EDAD21DB90FFB00382CD3 /* Project object */;
}
